// !$*UTF8*$!
{
	archiveVersion = 1;
	classes = {
	};
	objectVersion = 46;
	objects = {

/* Begin PBXBuildFile section */
		4F142E0532380221648CADED /* Pods_Inventory17.framework in Frameworks */ = {isa = PBXBuildFile; fileRef = E1E3D7DC61B5474B3A215E5F /* Pods_Inventory17.framework */; };
		AD03C73F1E9418F000692206 /* Box.swift in Sources */ = {isa = PBXBuildFile; fileRef = AD03C7381E9418F000692206 /* Box.swift */; };
		AD03C7401E9418F000692206 /* Category.swift in Sources */ = {isa = PBXBuildFile; fileRef = AD03C7391E9418F000692206 /* Category.swift */; };
		AD03C7411E9418F000692206 /* Color.swift in Sources */ = {isa = PBXBuildFile; fileRef = AD03C73A1E9418F000692206 /* Color.swift */; };
		AD03C7421E9418F000692206 /* Item.swift in Sources */ = {isa = PBXBuildFile; fileRef = AD03C73B1E9418F000692206 /* Item.swift */; };
		AD03C7431E9418F000692206 /* Location.swift in Sources */ = {isa = PBXBuildFile; fileRef = AD03C73C1E9418F000692206 /* Location.swift */; };
		AD03C7441E9418F000692206 /* Status.swift in Sources */ = {isa = PBXBuildFile; fileRef = AD03C73D1E9418F000692206 /* Status.swift */; };
		AD03C7451E9418F000692206 /* User.swift in Sources */ = {isa = PBXBuildFile; fileRef = AD03C73E1E9418F000692206 /* User.swift */; };
		AD03C7471E94192000692206 /* Main.storyboard in Resources */ = {isa = PBXBuildFile; fileRef = AD03C7461E94192000692206 /* Main.storyboard */; };
		AD03C78A1E94195800692206 /* BoxNumberLabel.swift in Sources */ = {isa = PBXBuildFile; fileRef = AD03C74A1E94195800692206 /* BoxNumberLabel.swift */; };
		AD03C78B1E94195800692206 /* EZLoadingActivity.swift in Sources */ = {isa = PBXBuildFile; fileRef = AD03C74B1E94195800692206 /* EZLoadingActivity.swift */; };
		AD03C78C1E94195800692206 /* ItemRoundButton.swift in Sources */ = {isa = PBXBuildFile; fileRef = AD03C74C1E94195800692206 /* ItemRoundButton.swift */; };
		AD03C78D1E94195800692206 /* SevenSwitch.swift in Sources */ = {isa = PBXBuildFile; fileRef = AD03C74D1E94195800692206 /* SevenSwitch.swift */; };
		AD03C78E1E94195800692206 /* SmallText.swift in Sources */ = {isa = PBXBuildFile; fileRef = AD03C74E1E94195800692206 /* SmallText.swift */; };
		AD03C78F1E94195800692206 /* Styled_Picker.swift in Sources */ = {isa = PBXBuildFile; fileRef = AD03C74F1E94195800692206 /* Styled_Picker.swift */; };
		AD03C7901E94195800692206 /* Styled_View.swift in Sources */ = {isa = PBXBuildFile; fileRef = AD03C7501E94195800692206 /* Styled_View.swift */; };
		AD03C7911E94195800692206 /* AddItemsToBoxVC.swift in Sources */ = {isa = PBXBuildFile; fileRef = AD03C7531E94195800692206 /* AddItemsToBoxVC.swift */; };
		AD03C7921E94195800692206 /* BoxDetails.swift in Sources */ = {isa = PBXBuildFile; fileRef = AD03C7551E94195800692206 /* BoxDetails.swift */; };
		AD03C7931E94195800692206 /* BoxItemsVC.swift in Sources */ = {isa = PBXBuildFile; fileRef = AD03C7581E94195800692206 /* BoxItemsVC.swift */; };
		AD03C7941E94195800692206 /* CategoriesVC.swift in Sources */ = {isa = PBXBuildFile; fileRef = AD03C75B1E94195800692206 /* CategoriesVC.swift */; };
		AD03C7951E94195800692206 /* CategoryDetailsVC.swift in Sources */ = {isa = PBXBuildFile; fileRef = AD03C75C1E94195800692206 /* CategoryDetailsVC.swift */; };
		AD03C7961E94195800692206 /* CategoryPicker.swift in Sources */ = {isa = PBXBuildFile; fileRef = AD03C75D1E94195800692206 /* CategoryPicker.swift */; };
		AD03C7971E94195800692206 /* ColorTableVC.swift in Sources */ = {isa = PBXBuildFile; fileRef = AD03C75F1E94195800692206 /* ColorTableVC.swift */; };
		AD03C7981E94195800692206 /* LocationDetailsVC.swift in Sources */ = {isa = PBXBuildFile; fileRef = AD03C7611E94195800692206 /* LocationDetailsVC.swift */; };
		AD03C7991E94195800692206 /* LocationPickerVC.swift in Sources */ = {isa = PBXBuildFile; fileRef = AD03C7621E94195800692206 /* LocationPickerVC.swift */; };
		AD03C79A1E94195800692206 /* LocationsVC.swift in Sources */ = {isa = PBXBuildFile; fileRef = AD03C7631E94195800692206 /* LocationsVC.swift */; };
		AD03C79B1E94195800692206 /* BoxStatusTableVC.swift in Sources */ = {isa = PBXBuildFile; fileRef = AD03C7651E94195800692206 /* BoxStatusTableVC.swift */; };
		AD03C79C1E94195800692206 /* ItemDetailsVC.swift in Sources */ = {isa = PBXBuildFile; fileRef = AD03C7671E94195800692206 /* ItemDetailsVC.swift */; };
		AD03C79D1E94195800692206 /* itemFeedVC.swift in Sources */ = {isa = PBXBuildFile; fileRef = AD03C7691E94195800692206 /* itemFeedVC.swift */; };
		AD03C79E1E94195800692206 /* LoginViewController.swift in Sources */ = {isa = PBXBuildFile; fileRef = AD03C76D1E94195800692206 /* LoginViewController.swift */; };
		AD03C79F1E94195800692206 /* ResetPasswordVC.swift in Sources */ = {isa = PBXBuildFile; fileRef = AD03C76F1E94195800692206 /* ResetPasswordVC.swift */; };
		AD03C7A01E94195800692206 /* SignUpViewController.swift in Sources */ = {isa = PBXBuildFile; fileRef = AD03C7711E94195800692206 /* SignUpViewController.swift */; };
		AD03C7A11E94195800692206 /* QrCollectionVC.swift in Sources */ = {isa = PBXBuildFile; fileRef = AD03C7731E94195800692206 /* QrCollectionVC.swift */; };
		AD03C7A21E94195800692206 /* qrScannerVC.swift in Sources */ = {isa = PBXBuildFile; fileRef = AD03C7741E94195800692206 /* qrScannerVC.swift */; };
		AD03C7A31E94195800692206 /* SettingsVC.swift in Sources */ = {isa = PBXBuildFile; fileRef = AD03C7761E94195800692206 /* SettingsVC.swift */; };
		AD03C7A41E94195800692206 /* WalkThroughContent.swift in Sources */ = {isa = PBXBuildFile; fileRef = AD03C7781E94195800692206 /* WalkThroughContent.swift */; };
		AD03C7A51E94195800692206 /* WalkThroughPageController.swift in Sources */ = {isa = PBXBuildFile; fileRef = AD03C7791E94195800692206 /* WalkThroughPageController.swift */; };
		AD03C7A61E94195800692206 /* BoxCell.swift in Sources */ = {isa = PBXBuildFile; fileRef = AD03C77B1E94195800692206 /* BoxCell.swift */; };
		AD03C7A71E94195800692206 /* BoxItemCell.swift in Sources */ = {isa = PBXBuildFile; fileRef = AD03C77C1E94195800692206 /* BoxItemCell.swift */; };
		AD03C7A81E94195800692206 /* CategoriesCell.swift in Sources */ = {isa = PBXBuildFile; fileRef = AD03C77D1E94195800692206 /* CategoriesCell.swift */; };
		AD03C7A91E94195800692206 /* CategoryPickerCell.swift in Sources */ = {isa = PBXBuildFile; fileRef = AD03C77E1E94195800692206 /* CategoryPickerCell.swift */; };
		AD03C7AA1E94195800692206 /* ColorCell.swift in Sources */ = {isa = PBXBuildFile; fileRef = AD03C77F1E94195800692206 /* ColorCell.swift */; };
		AD03C7AB1E94195800692206 /* ItemCell.swift in Sources */ = {isa = PBXBuildFile; fileRef = AD03C7801E94195800692206 /* ItemCell.swift */; };
		AD03C7AC1E94195800692206 /* itemSelectCell.swift in Sources */ = {isa = PBXBuildFile; fileRef = AD03C7811E94195800692206 /* itemSelectCell.swift */; };
		AD03C7AD1E94195800692206 /* LocationPickerCell.swift in Sources */ = {isa = PBXBuildFile; fileRef = AD03C7821E94195800692206 /* LocationPickerCell.swift */; };
		AD03C7AE1E94195800692206 /* LocationsCell.swift in Sources */ = {isa = PBXBuildFile; fileRef = AD03C7831E94195800692206 /* LocationsCell.swift */; };
		AD03C7AF1E94195800692206 /* StatusCell.swift in Sources */ = {isa = PBXBuildFile; fileRef = AD03C7841E94195800692206 /* StatusCell.swift */; };
		AD03C7B01E94195800692206 /* AppDelegate.swift in Sources */ = {isa = PBXBuildFile; fileRef = AD03C7861E94195800692206 /* AppDelegate.swift */; };
		AD03C7B11E94195800692206 /* Constants.swift in Sources */ = {isa = PBXBuildFile; fileRef = AD03C7871E94195800692206 /* Constants.swift */; };
		AD03C7B21E94195800692206 /* GoogleService-Info.plist in Resources */ = {isa = PBXBuildFile; fileRef = AD03C7881E94195800692206 /* GoogleService-Info.plist */; };
		AD03C7B31E94195800692206 /* Info.plist in Resources */ = {isa = PBXBuildFile; fileRef = AD03C7891E94195800692206 /* Info.plist */; };
		AD03C7B51E941AB600692206 /* DataService.swift in Sources */ = {isa = PBXBuildFile; fileRef = AD03C7B41E941AB600692206 /* DataService.swift */; };
		AD03C7B71E941B4D00692206 /* BoxFeedVC.swift in Sources */ = {isa = PBXBuildFile; fileRef = AD03C7B61E941B4D00692206 /* BoxFeedVC.swift */; };
		AD03C7B91E941CA100692206 /* itemFeedViewModel.swift in Sources */ = {isa = PBXBuildFile; fileRef = AD03C7B81E941CA100692206 /* itemFeedViewModel.swift */; };
		AD2946DB1E52575000E113F7 /* Locations.storyboard in Resources */ = {isa = PBXBuildFile; fileRef = AD2946DA1E52575000E113F7 /* Locations.storyboard */; };
		AD3FA9FB1E5E169900C1E18D /* Color.storyboard in Resources */ = {isa = PBXBuildFile; fileRef = AD3FA9FA1E5E169900C1E18D /* Color.storyboard */; };
		AD4398271E4A81B100DB0777 /* Status.storyboard in Resources */ = {isa = PBXBuildFile; fileRef = AD4398261E4A81B100DB0777 /* Status.storyboard */; };
		AD778ED41E9702B90033B1DE /* itemDetailViewModel.swift in Sources */ = {isa = PBXBuildFile; fileRef = AD778ED31E9702B90033B1DE /* itemDetailViewModel.swift */; };
		AD778F0E1E97FD3C0033B1DE /* Info.plist in Resources */ = {isa = PBXBuildFile; fileRef = AD778F0B1E97FD3C0033B1DE /* Info.plist */; };
		AD778F0F1E97FD3C0033B1DE /* SCLAlertView.swift in Sources */ = {isa = PBXBuildFile; fileRef = AD778F0C1E97FD3C0033B1DE /* SCLAlertView.swift */; };
		AD778F101E97FD3C0033B1DE /* SCLExtensions.swift in Sources */ = {isa = PBXBuildFile; fileRef = AD778F0D1E97FD3C0033B1DE /* SCLExtensions.swift */; };
		AD778F121E97FD830033B1DE /* PlayingAroundViewController.swift in Sources */ = {isa = PBXBuildFile; fileRef = AD778F111E97FD830033B1DE /* PlayingAroundViewController.swift */; };
		ADA297311E5C84280039485A /* Categories.storyboard in Resources */ = {isa = PBXBuildFile; fileRef = ADA297301E5C84280039485A /* Categories.storyboard */; };
		ADAB69B71E2BE4B10094E43A /* Assets.xcassets in Resources */ = {isa = PBXBuildFile; fileRef = ADAB69B61E2BE4B10094E43A /* Assets.xcassets */; };
		ADAB69BA1E2BE4B10094E43A /* LaunchScreen.storyboard in Resources */ = {isa = PBXBuildFile; fileRef = ADAB69B81E2BE4B10094E43A /* LaunchScreen.storyboard */; };
		ADAB69F21E33EC450094E43A /* WISHLIST.swift in Sources */ = {isa = PBXBuildFile; fileRef = ADAB69F11E33EC450094E43A /* WISHLIST.swift */; };
/* End PBXBuildFile section */

/* Begin PBXFileReference section */
		5654B29C96D17E1C4D761058 /* Pods-Inventory17.release.xcconfig */ = {isa = PBXFileReference; includeInIndex = 1; lastKnownFileType = text.xcconfig; name = "Pods-Inventory17.release.xcconfig"; path = "Pods/Target Support Files/Pods-Inventory17/Pods-Inventory17.release.xcconfig"; sourceTree = "<group>"; };
		6D1F73EC6D847CCB6C0D5D63 /* Pods-Inventory17.debug.xcconfig */ = {isa = PBXFileReference; includeInIndex = 1; lastKnownFileType = text.xcconfig; name = "Pods-Inventory17.debug.xcconfig"; path = "Pods/Target Support Files/Pods-Inventory17/Pods-Inventory17.debug.xcconfig"; sourceTree = "<group>"; };
		AD03C7381E9418F000692206 /* Box.swift */ = {isa = PBXFileReference; fileEncoding = 4; lastKnownFileType = sourcecode.swift; path = Box.swift; sourceTree = "<group>"; };
		AD03C7391E9418F000692206 /* Category.swift */ = {isa = PBXFileReference; fileEncoding = 4; lastKnownFileType = sourcecode.swift; path = Category.swift; sourceTree = "<group>"; };
		AD03C73A1E9418F000692206 /* Color.swift */ = {isa = PBXFileReference; fileEncoding = 4; lastKnownFileType = sourcecode.swift; path = Color.swift; sourceTree = "<group>"; };
		AD03C73B1E9418F000692206 /* Item.swift */ = {isa = PBXFileReference; fileEncoding = 4; lastKnownFileType = sourcecode.swift; path = Item.swift; sourceTree = "<group>"; };
		AD03C73C1E9418F000692206 /* Location.swift */ = {isa = PBXFileReference; fileEncoding = 4; lastKnownFileType = sourcecode.swift; path = Location.swift; sourceTree = "<group>"; };
		AD03C73D1E9418F000692206 /* Status.swift */ = {isa = PBXFileReference; fileEncoding = 4; lastKnownFileType = sourcecode.swift; path = Status.swift; sourceTree = "<group>"; };
		AD03C73E1E9418F000692206 /* User.swift */ = {isa = PBXFileReference; fileEncoding = 4; lastKnownFileType = sourcecode.swift; path = User.swift; sourceTree = "<group>"; };
		AD03C7461E94192000692206 /* Main.storyboard */ = {isa = PBXFileReference; fileEncoding = 4; lastKnownFileType = file.storyboard; path = Main.storyboard; sourceTree = "<group>"; };
		AD03C74A1E94195800692206 /* BoxNumberLabel.swift */ = {isa = PBXFileReference; fileEncoding = 4; lastKnownFileType = sourcecode.swift; path = BoxNumberLabel.swift; sourceTree = "<group>"; };
		AD03C74B1E94195800692206 /* EZLoadingActivity.swift */ = {isa = PBXFileReference; fileEncoding = 4; lastKnownFileType = sourcecode.swift; path = EZLoadingActivity.swift; sourceTree = "<group>"; };
		AD03C74C1E94195800692206 /* ItemRoundButton.swift */ = {isa = PBXFileReference; fileEncoding = 4; lastKnownFileType = sourcecode.swift; path = ItemRoundButton.swift; sourceTree = "<group>"; };
		AD03C74D1E94195800692206 /* SevenSwitch.swift */ = {isa = PBXFileReference; fileEncoding = 4; lastKnownFileType = sourcecode.swift; path = SevenSwitch.swift; sourceTree = "<group>"; };
		AD03C74E1E94195800692206 /* SmallText.swift */ = {isa = PBXFileReference; fileEncoding = 4; lastKnownFileType = sourcecode.swift; path = SmallText.swift; sourceTree = "<group>"; };
		AD03C74F1E94195800692206 /* Styled_Picker.swift */ = {isa = PBXFileReference; fileEncoding = 4; lastKnownFileType = sourcecode.swift; path = Styled_Picker.swift; sourceTree = "<group>"; };
		AD03C7501E94195800692206 /* Styled_View.swift */ = {isa = PBXFileReference; fileEncoding = 4; lastKnownFileType = sourcecode.swift; path = Styled_View.swift; sourceTree = "<group>"; };
		AD03C7531E94195800692206 /* AddItemsToBoxVC.swift */ = {isa = PBXFileReference; fileEncoding = 4; lastKnownFileType = sourcecode.swift; path = AddItemsToBoxVC.swift; sourceTree = "<group>"; };
		AD03C7551E94195800692206 /* BoxDetails.swift */ = {isa = PBXFileReference; fileEncoding = 4; lastKnownFileType = sourcecode.swift; path = BoxDetails.swift; sourceTree = "<group>"; };
		AD03C7581E94195800692206 /* BoxItemsVC.swift */ = {isa = PBXFileReference; fileEncoding = 4; lastKnownFileType = sourcecode.swift; path = BoxItemsVC.swift; sourceTree = "<group>"; };
		AD03C75B1E94195800692206 /* CategoriesVC.swift */ = {isa = PBXFileReference; fileEncoding = 4; lastKnownFileType = sourcecode.swift; path = CategoriesVC.swift; sourceTree = "<group>"; };
		AD03C75C1E94195800692206 /* CategoryDetailsVC.swift */ = {isa = PBXFileReference; fileEncoding = 4; lastKnownFileType = sourcecode.swift; path = CategoryDetailsVC.swift; sourceTree = "<group>"; };
		AD03C75D1E94195800692206 /* CategoryPicker.swift */ = {isa = PBXFileReference; fileEncoding = 4; lastKnownFileType = sourcecode.swift; path = CategoryPicker.swift; sourceTree = "<group>"; };
		AD03C75F1E94195800692206 /* ColorTableVC.swift */ = {isa = PBXFileReference; fileEncoding = 4; lastKnownFileType = sourcecode.swift; path = ColorTableVC.swift; sourceTree = "<group>"; };
		AD03C7611E94195800692206 /* LocationDetailsVC.swift */ = {isa = PBXFileReference; fileEncoding = 4; lastKnownFileType = sourcecode.swift; path = LocationDetailsVC.swift; sourceTree = "<group>"; };
		AD03C7621E94195800692206 /* LocationPickerVC.swift */ = {isa = PBXFileReference; fileEncoding = 4; lastKnownFileType = sourcecode.swift; path = LocationPickerVC.swift; sourceTree = "<group>"; };
		AD03C7631E94195800692206 /* LocationsVC.swift */ = {isa = PBXFileReference; fileEncoding = 4; lastKnownFileType = sourcecode.swift; path = LocationsVC.swift; sourceTree = "<group>"; };
		AD03C7651E94195800692206 /* BoxStatusTableVC.swift */ = {isa = PBXFileReference; fileEncoding = 4; lastKnownFileType = sourcecode.swift; path = BoxStatusTableVC.swift; sourceTree = "<group>"; };
		AD03C7671E94195800692206 /* ItemDetailsVC.swift */ = {isa = PBXFileReference; fileEncoding = 4; lastKnownFileType = sourcecode.swift; path = ItemDetailsVC.swift; sourceTree = "<group>"; };
		AD03C7691E94195800692206 /* itemFeedVC.swift */ = {isa = PBXFileReference; fileEncoding = 4; lastKnownFileType = sourcecode.swift; path = itemFeedVC.swift; sourceTree = "<group>"; };
		AD03C76D1E94195800692206 /* LoginViewController.swift */ = {isa = PBXFileReference; fileEncoding = 4; lastKnownFileType = sourcecode.swift; path = LoginViewController.swift; sourceTree = "<group>"; };
		AD03C76F1E94195800692206 /* ResetPasswordVC.swift */ = {isa = PBXFileReference; fileEncoding = 4; lastKnownFileType = sourcecode.swift; path = ResetPasswordVC.swift; sourceTree = "<group>"; };
		AD03C7711E94195800692206 /* SignUpViewController.swift */ = {isa = PBXFileReference; fileEncoding = 4; lastKnownFileType = sourcecode.swift; path = SignUpViewController.swift; sourceTree = "<group>"; };
		AD03C7731E94195800692206 /* QrCollectionVC.swift */ = {isa = PBXFileReference; fileEncoding = 4; lastKnownFileType = sourcecode.swift; path = QrCollectionVC.swift; sourceTree = "<group>"; };
		AD03C7741E94195800692206 /* qrScannerVC.swift */ = {isa = PBXFileReference; fileEncoding = 4; lastKnownFileType = sourcecode.swift; path = qrScannerVC.swift; sourceTree = "<group>"; };
		AD03C7761E94195800692206 /* SettingsVC.swift */ = {isa = PBXFileReference; fileEncoding = 4; lastKnownFileType = sourcecode.swift; path = SettingsVC.swift; sourceTree = "<group>"; };
		AD03C7781E94195800692206 /* WalkThroughContent.swift */ = {isa = PBXFileReference; fileEncoding = 4; lastKnownFileType = sourcecode.swift; path = WalkThroughContent.swift; sourceTree = "<group>"; };
		AD03C7791E94195800692206 /* WalkThroughPageController.swift */ = {isa = PBXFileReference; fileEncoding = 4; lastKnownFileType = sourcecode.swift; path = WalkThroughPageController.swift; sourceTree = "<group>"; };
		AD03C77B1E94195800692206 /* BoxCell.swift */ = {isa = PBXFileReference; fileEncoding = 4; lastKnownFileType = sourcecode.swift; path = BoxCell.swift; sourceTree = "<group>"; };
		AD03C77C1E94195800692206 /* BoxItemCell.swift */ = {isa = PBXFileReference; fileEncoding = 4; lastKnownFileType = sourcecode.swift; path = BoxItemCell.swift; sourceTree = "<group>"; };
		AD03C77D1E94195800692206 /* CategoriesCell.swift */ = {isa = PBXFileReference; fileEncoding = 4; lastKnownFileType = sourcecode.swift; path = CategoriesCell.swift; sourceTree = "<group>"; };
		AD03C77E1E94195800692206 /* CategoryPickerCell.swift */ = {isa = PBXFileReference; fileEncoding = 4; lastKnownFileType = sourcecode.swift; path = CategoryPickerCell.swift; sourceTree = "<group>"; };
		AD03C77F1E94195800692206 /* ColorCell.swift */ = {isa = PBXFileReference; fileEncoding = 4; lastKnownFileType = sourcecode.swift; path = ColorCell.swift; sourceTree = "<group>"; };
		AD03C7801E94195800692206 /* ItemCell.swift */ = {isa = PBXFileReference; fileEncoding = 4; lastKnownFileType = sourcecode.swift; path = ItemCell.swift; sourceTree = "<group>"; };
		AD03C7811E94195800692206 /* itemSelectCell.swift */ = {isa = PBXFileReference; fileEncoding = 4; lastKnownFileType = sourcecode.swift; path = itemSelectCell.swift; sourceTree = "<group>"; };
		AD03C7821E94195800692206 /* LocationPickerCell.swift */ = {isa = PBXFileReference; fileEncoding = 4; lastKnownFileType = sourcecode.swift; path = LocationPickerCell.swift; sourceTree = "<group>"; };
		AD03C7831E94195800692206 /* LocationsCell.swift */ = {isa = PBXFileReference; fileEncoding = 4; lastKnownFileType = sourcecode.swift; path = LocationsCell.swift; sourceTree = "<group>"; };
		AD03C7841E94195800692206 /* StatusCell.swift */ = {isa = PBXFileReference; fileEncoding = 4; lastKnownFileType = sourcecode.swift; path = StatusCell.swift; sourceTree = "<group>"; };
		AD03C7861E94195800692206 /* AppDelegate.swift */ = {isa = PBXFileReference; fileEncoding = 4; lastKnownFileType = sourcecode.swift; path = AppDelegate.swift; sourceTree = "<group>"; };
		AD03C7871E94195800692206 /* Constants.swift */ = {isa = PBXFileReference; fileEncoding = 4; lastKnownFileType = sourcecode.swift; path = Constants.swift; sourceTree = "<group>"; };
		AD03C7881E94195800692206 /* GoogleService-Info.plist */ = {isa = PBXFileReference; fileEncoding = 4; lastKnownFileType = text.plist.xml; path = "GoogleService-Info.plist"; sourceTree = "<group>"; };
		AD03C7891E94195800692206 /* Info.plist */ = {isa = PBXFileReference; fileEncoding = 4; lastKnownFileType = text.plist.xml; path = Info.plist; sourceTree = "<group>"; };
		AD03C7B41E941AB600692206 /* DataService.swift */ = {isa = PBXFileReference; fileEncoding = 4; lastKnownFileType = sourcecode.swift; path = DataService.swift; sourceTree = "<group>"; };
		AD03C7B61E941B4D00692206 /* BoxFeedVC.swift */ = {isa = PBXFileReference; fileEncoding = 4; lastKnownFileType = sourcecode.swift; path = BoxFeedVC.swift; sourceTree = "<group>"; };
		AD03C7B81E941CA100692206 /* itemFeedViewModel.swift */ = {isa = PBXFileReference; fileEncoding = 4; lastKnownFileType = sourcecode.swift; path = itemFeedViewModel.swift; sourceTree = "<group>"; };
		AD2946DA1E52575000E113F7 /* Locations.storyboard */ = {isa = PBXFileReference; fileEncoding = 4; lastKnownFileType = file.storyboard; path = Locations.storyboard; sourceTree = "<group>"; };
		AD3FA9FA1E5E169900C1E18D /* Color.storyboard */ = {isa = PBXFileReference; fileEncoding = 4; lastKnownFileType = file.storyboard; path = Color.storyboard; sourceTree = "<group>"; };
		AD4398261E4A81B100DB0777 /* Status.storyboard */ = {isa = PBXFileReference; fileEncoding = 4; lastKnownFileType = file.storyboard; path = Status.storyboard; sourceTree = "<group>"; };
		AD778ED31E9702B90033B1DE /* itemDetailViewModel.swift */ = {isa = PBXFileReference; fileEncoding = 4; lastKnownFileType = sourcecode.swift; path = itemDetailViewModel.swift; sourceTree = "<group>"; };
		AD778F0B1E97FD3C0033B1DE /* Info.plist */ = {isa = PBXFileReference; fileEncoding = 4; lastKnownFileType = text.plist.xml; path = Info.plist; sourceTree = "<group>"; };
		AD778F0C1E97FD3C0033B1DE /* SCLAlertView.swift */ = {isa = PBXFileReference; fileEncoding = 4; lastKnownFileType = sourcecode.swift; path = SCLAlertView.swift; sourceTree = "<group>"; };
		AD778F0D1E97FD3C0033B1DE /* SCLExtensions.swift */ = {isa = PBXFileReference; fileEncoding = 4; lastKnownFileType = sourcecode.swift; path = SCLExtensions.swift; sourceTree = "<group>"; };
		AD778F111E97FD830033B1DE /* PlayingAroundViewController.swift */ = {isa = PBXFileReference; fileEncoding = 4; lastKnownFileType = sourcecode.swift; path = PlayingAroundViewController.swift; sourceTree = "<group>"; };
		ADA297301E5C84280039485A /* Categories.storyboard */ = {isa = PBXFileReference; fileEncoding = 4; lastKnownFileType = file.storyboard; path = Categories.storyboard; sourceTree = "<group>"; };
		ADAB69AC1E2BE4B10094E43A /* Inventory17.app */ = {isa = PBXFileReference; explicitFileType = wrapper.application; includeInIndex = 0; path = Inventory17.app; sourceTree = BUILT_PRODUCTS_DIR; };
		ADAB69B61E2BE4B10094E43A /* Assets.xcassets */ = {isa = PBXFileReference; lastKnownFileType = folder.assetcatalog; path = Assets.xcassets; sourceTree = "<group>"; };
		ADAB69B91E2BE4B10094E43A /* Base */ = {isa = PBXFileReference; lastKnownFileType = file.storyboard; name = Base; path = Base.lproj/LaunchScreen.storyboard; sourceTree = "<group>"; };
		ADAB69F11E33EC450094E43A /* WISHLIST.swift */ = {isa = PBXFileReference; fileEncoding = 4; lastKnownFileType = sourcecode.swift; path = WISHLIST.swift; sourceTree = "<group>"; };
		E1E3D7DC61B5474B3A215E5F /* Pods_Inventory17.framework */ = {isa = PBXFileReference; explicitFileType = wrapper.framework; includeInIndex = 0; path = Pods_Inventory17.framework; sourceTree = BUILT_PRODUCTS_DIR; };
/* End PBXFileReference section */

/* Begin PBXFrameworksBuildPhase section */
		ADAB69A91E2BE4B10094E43A /* Frameworks */ = {
			isa = PBXFrameworksBuildPhase;
			buildActionMask = 2147483647;
			files = (
				4F142E0532380221648CADED /* Pods_Inventory17.framework in Frameworks */,
			);
			runOnlyForDeploymentPostprocessing = 0;
		};
/* End PBXFrameworksBuildPhase section */

/* Begin PBXGroup section */
		191A52D8649EDFA77CD2338B /* Pods */ = {
			isa = PBXGroup;
			children = (
				6D1F73EC6D847CCB6C0D5D63 /* Pods-Inventory17.debug.xcconfig */,
				5654B29C96D17E1C4D761058 /* Pods-Inventory17.release.xcconfig */,
			);
			name = Pods;
			sourceTree = "<group>";
		};
		A7AB436A0C7284148E100AAB /* Frameworks */ = {
			isa = PBXGroup;
			children = (
				E1E3D7DC61B5474B3A215E5F /* Pods_Inventory17.framework */,
			);
			name = Frameworks;
			sourceTree = "<group>";
		};
		AD03C7371E9418F000692206 /* Models */ = {
			isa = PBXGroup;
			children = (
				AD03C7381E9418F000692206 /* Box.swift */,
				AD03C7391E9418F000692206 /* Category.swift */,
				AD03C73A1E9418F000692206 /* Color.swift */,
				AD03C73B1E9418F000692206 /* Item.swift */,
				AD03C73C1E9418F000692206 /* Location.swift */,
				AD03C73D1E9418F000692206 /* Status.swift */,
				AD03C73E1E9418F000692206 /* User.swift */,
			);
			path = Models;
			sourceTree = "<group>";
		};
		AD03C7481E94193E00692206 /* Services */ = {
			isa = PBXGroup;
			children = (
				AD03C7B41E941AB600692206 /* DataService.swift */,
			);
			path = Services;
			sourceTree = "<group>";
		};
		AD03C7491E94195800692206 /* Views */ = {
			isa = PBXGroup;
			children = (
				AD778F0A1E97FD3C0033B1DE /* SCLAlertView */,
				AD03C74A1E94195800692206 /* BoxNumberLabel.swift */,
				AD03C74B1E94195800692206 /* EZLoadingActivity.swift */,
				AD03C74C1E94195800692206 /* ItemRoundButton.swift */,
				AD03C74D1E94195800692206 /* SevenSwitch.swift */,
				AD03C74E1E94195800692206 /* SmallText.swift */,
				AD03C74F1E94195800692206 /* Styled_Picker.swift */,
				AD03C7501E94195800692206 /* Styled_View.swift */,
			);
			path = Views;
			sourceTree = "<group>";
		};
		AD03C7511E94195800692206 /* ViewControllers */ = {
			isa = PBXGroup;
			children = (
				AD03C7521E94195800692206 /* AddItemsToBoxVC */,
				AD03C7541E94195800692206 /* BoxDetailsVC */,
				AD03C7561E94195800692206 /* BoxFeedVC */,
				AD03C7571E94195800692206 /* BoxItemsVC */,
				AD03C7591E94195800692206 /* Item_Box_Options */,
				AD03C7661E94195800692206 /* ItemDetailsVC */,
				AD03C7681E94195800692206 /* ItemFeedVC */,
				AD03C76B1E94195800692206 /* Login_SignUpVC */,
				AD03C7721E94195800692206 /* QRCode */,
				AD03C7751E94195800692206 /* SettingsVC */,
				AD03C7771E94195800692206 /* WalkThrough */,
				AD778F111E97FD830033B1DE /* PlayingAroundViewController.swift */,
			);
			path = ViewControllers;
			sourceTree = "<group>";
		};
		AD03C7521E94195800692206 /* AddItemsToBoxVC */ = {
			isa = PBXGroup;
			children = (
				AD03C7531E94195800692206 /* AddItemsToBoxVC.swift */,
			);
			path = AddItemsToBoxVC;
			sourceTree = "<group>";
		};
		AD03C7541E94195800692206 /* BoxDetailsVC */ = {
			isa = PBXGroup;
			children = (
				AD03C7551E94195800692206 /* BoxDetails.swift */,
			);
			path = BoxDetailsVC;
			sourceTree = "<group>";
		};
		AD03C7561E94195800692206 /* BoxFeedVC */ = {
			isa = PBXGroup;
			children = (
				AD03C7B61E941B4D00692206 /* BoxFeedVC.swift */,
			);
			path = BoxFeedVC;
			sourceTree = "<group>";
		};
		AD03C7571E94195800692206 /* BoxItemsVC */ = {
			isa = PBXGroup;
			children = (
				AD03C7581E94195800692206 /* BoxItemsVC.swift */,
			);
			path = BoxItemsVC;
			sourceTree = "<group>";
		};
		AD03C7591E94195800692206 /* Item_Box_Options */ = {
			isa = PBXGroup;
			children = (
				AD03C75A1E94195800692206 /* CategoryVC */,
				AD03C75E1E94195800692206 /* ColorVC */,
				AD03C7601E94195800692206 /* Locations */,
				AD03C7641E94195800692206 /* StatusVC */,
			);
			path = Item_Box_Options;
			sourceTree = "<group>";
		};
		AD03C75A1E94195800692206 /* CategoryVC */ = {
			isa = PBXGroup;
			children = (
				AD03C75B1E94195800692206 /* CategoriesVC.swift */,
				AD03C75C1E94195800692206 /* CategoryDetailsVC.swift */,
				AD03C75D1E94195800692206 /* CategoryPicker.swift */,
			);
			path = CategoryVC;
			sourceTree = "<group>";
		};
		AD03C75E1E94195800692206 /* ColorVC */ = {
			isa = PBXGroup;
			children = (
				AD03C75F1E94195800692206 /* ColorTableVC.swift */,
			);
			path = ColorVC;
			sourceTree = "<group>";
		};
		AD03C7601E94195800692206 /* Locations */ = {
			isa = PBXGroup;
			children = (
				AD03C7611E94195800692206 /* LocationDetailsVC.swift */,
				AD03C7621E94195800692206 /* LocationPickerVC.swift */,
				AD03C7631E94195800692206 /* LocationsVC.swift */,
			);
			path = Locations;
			sourceTree = "<group>";
		};
		AD03C7641E94195800692206 /* StatusVC */ = {
			isa = PBXGroup;
			children = (
				AD03C7651E94195800692206 /* BoxStatusTableVC.swift */,
			);
			path = StatusVC;
			sourceTree = "<group>";
		};
		AD03C7661E94195800692206 /* ItemDetailsVC */ = {
			isa = PBXGroup;
			children = (
				AD03C7671E94195800692206 /* ItemDetailsVC.swift */,
				AD778ED31E9702B90033B1DE /* itemDetailViewModel.swift */,
			);
			path = ItemDetailsVC;
			sourceTree = "<group>";
		};
		AD03C7681E94195800692206 /* ItemFeedVC */ = {
			isa = PBXGroup;
			children = (
				AD03C7691E94195800692206 /* itemFeedVC.swift */,
				AD03C76A1E94195800692206 /* View Model */,
			);
			path = ItemFeedVC;
			sourceTree = "<group>";
		};
		AD03C76A1E94195800692206 /* View Model */ = {
			isa = PBXGroup;
			children = (
				AD03C7B81E941CA100692206 /* itemFeedViewModel.swift */,
			);
			path = "View Model";
			sourceTree = "<group>";
		};
		AD03C76B1E94195800692206 /* Login_SignUpVC */ = {
			isa = PBXGroup;
			children = (
				AD03C76C1E94195800692206 /* LoginVC */,
				AD03C76E1E94195800692206 /* ResetPwVC */,
				AD03C7701E94195800692206 /* SignUpVC */,
			);
			path = Login_SignUpVC;
			sourceTree = "<group>";
		};
		AD03C76C1E94195800692206 /* LoginVC */ = {
			isa = PBXGroup;
			children = (
				AD03C76D1E94195800692206 /* LoginViewController.swift */,
			);
			path = LoginVC;
			sourceTree = "<group>";
		};
		AD03C76E1E94195800692206 /* ResetPwVC */ = {
			isa = PBXGroup;
			children = (
				AD03C76F1E94195800692206 /* ResetPasswordVC.swift */,
			);
			path = ResetPwVC;
			sourceTree = "<group>";
		};
		AD03C7701E94195800692206 /* SignUpVC */ = {
			isa = PBXGroup;
			children = (
				AD03C7711E94195800692206 /* SignUpViewController.swift */,
			);
			path = SignUpVC;
			sourceTree = "<group>";
		};
		AD03C7721E94195800692206 /* QRCode */ = {
			isa = PBXGroup;
			children = (
				AD03C7731E94195800692206 /* QrCollectionVC.swift */,
				AD03C7741E94195800692206 /* qrScannerVC.swift */,
			);
			path = QRCode;
			sourceTree = "<group>";
		};
		AD03C7751E94195800692206 /* SettingsVC */ = {
			isa = PBXGroup;
			children = (
				AD03C7761E94195800692206 /* SettingsVC.swift */,
			);
			path = SettingsVC;
			sourceTree = "<group>";
		};
		AD03C7771E94195800692206 /* WalkThrough */ = {
			isa = PBXGroup;
			children = (
				AD03C7781E94195800692206 /* WalkThroughContent.swift */,
				AD03C7791E94195800692206 /* WalkThroughPageController.swift */,
			);
			path = WalkThrough;
			sourceTree = "<group>";
		};
		AD03C77A1E94195800692206 /* Table View Cells */ = {
			isa = PBXGroup;
			children = (
				AD03C77B1E94195800692206 /* BoxCell.swift */,
				AD03C77C1E94195800692206 /* BoxItemCell.swift */,
				AD03C77D1E94195800692206 /* CategoriesCell.swift */,
				AD03C77E1E94195800692206 /* CategoryPickerCell.swift */,
				AD03C77F1E94195800692206 /* ColorCell.swift */,
				AD03C7801E94195800692206 /* ItemCell.swift */,
				AD03C7811E94195800692206 /* itemSelectCell.swift */,
				AD03C7821E94195800692206 /* LocationPickerCell.swift */,
				AD03C7831E94195800692206 /* LocationsCell.swift */,
				AD03C7841E94195800692206 /* StatusCell.swift */,
			);
			path = "Table View Cells";
			sourceTree = "<group>";
		};
		AD03C7851E94195800692206 /* Supporting Files */ = {
			isa = PBXGroup;
			children = (
				AD03C7861E94195800692206 /* AppDelegate.swift */,
				AD03C7871E94195800692206 /* Constants.swift */,
				AD03C7881E94195800692206 /* GoogleService-Info.plist */,
			);
			path = "Supporting Files";
			sourceTree = "<group>";
		};
		AD778F0A1E97FD3C0033B1DE /* SCLAlertView */ = {
			isa = PBXGroup;
			children = (
				AD778F0B1E97FD3C0033B1DE /* Info.plist */,
				AD778F0C1E97FD3C0033B1DE /* SCLAlertView.swift */,
				AD778F0D1E97FD3C0033B1DE /* SCLExtensions.swift */,
			);
			path = SCLAlertView;
			sourceTree = "<group>";
		};
		ADAB69A31E2BE4B10094E43A = {
			isa = PBXGroup;
			children = (
				ADAB69AE1E2BE4B10094E43A /* Inventory17 */,
				ADAB69AD1E2BE4B10094E43A /* Products */,
				191A52D8649EDFA77CD2338B /* Pods */,
				A7AB436A0C7284148E100AAB /* Frameworks */,
			);
			sourceTree = "<group>";
		};
		ADAB69AD1E2BE4B10094E43A /* Products */ = {
			isa = PBXGroup;
			children = (
				ADAB69AC1E2BE4B10094E43A /* Inventory17.app */,
			);
			name = Products;
			sourceTree = "<group>";
		};
		ADAB69AE1E2BE4B10094E43A /* Inventory17 */ = {
			isa = PBXGroup;
			children = (
				AD03C7891E94195800692206 /* Info.plist */,
				AD03C7491E94195800692206 /* Views */,
				AD03C7511E94195800692206 /* ViewControllers */,
				AD03C77A1E94195800692206 /* Table View Cells */,
				AD03C7851E94195800692206 /* Supporting Files */,
				AD03C7481E94193E00692206 /* Services */,
				AD03C7371E9418F000692206 /* Models */,
				ADAB69F11E33EC450094E43A /* WISHLIST.swift */,
				ADAB69C61E2BE5C20094E43A /* Storyboards */,
				ADAB69B61E2BE4B10094E43A /* Assets.xcassets */,
				ADAB69B81E2BE4B10094E43A /* LaunchScreen.storyboard */,
			);
			path = Inventory17;
			sourceTree = "<group>";
		};
		ADAB69C61E2BE5C20094E43A /* Storyboards */ = {
			isa = PBXGroup;
			children = (
				ADA297301E5C84280039485A /* Categories.storyboard */,
				AD03C7461E94192000692206 /* Main.storyboard */,
				AD2946DA1E52575000E113F7 /* Locations.storyboard */,
				AD4398261E4A81B100DB0777 /* Status.storyboard */,
				AD3FA9FA1E5E169900C1E18D /* Color.storyboard */,
			);
			path = Storyboards;
			sourceTree = "<group>";
		};
/* End PBXGroup section */

/* Begin PBXNativeTarget section */
		ADAB69AB1E2BE4B10094E43A /* Inventory17 */ = {
			isa = PBXNativeTarget;
			buildConfigurationList = ADAB69BE1E2BE4B10094E43A /* Build configuration list for PBXNativeTarget "Inventory17" */;
			buildPhases = (
				188A134F9948866C62AB44BD /* [CP] Check Pods Manifest.lock */,
				ADAB69A81E2BE4B10094E43A /* Sources */,
				ADAB69A91E2BE4B10094E43A /* Frameworks */,
				ADAB69AA1E2BE4B10094E43A /* Resources */,
				3357863CDD5D152155ADD544 /* [CP] Embed Pods Frameworks */,
				AA7A36FE95FE3567386F7C2C /* [CP] Copy Pods Resources */,
			);
			buildRules = (
			);
			dependencies = (
			);
			name = Inventory17;
			productName = Inventory17;
			productReference = ADAB69AC1E2BE4B10094E43A /* Inventory17.app */;
			productType = "com.apple.product-type.application";
		};
/* End PBXNativeTarget section */

/* Begin PBXProject section */
		ADAB69A41E2BE4B10094E43A /* Project object */ = {
			isa = PBXProject;
			attributes = {
				LastSwiftUpdateCheck = 0820;
				LastUpgradeCheck = 0820;
				ORGANIZATIONNAME = Microideas;
				TargetAttributes = {
					ADAB69AB1E2BE4B10094E43A = {
						CreatedOnToolsVersion = 8.2.1;
						DevelopmentTeam = 2F3H857UKN;
						ProvisioningStyle = Automatic;
					};
				};
			};
			buildConfigurationList = ADAB69A71E2BE4B10094E43A /* Build configuration list for PBXProject "Inventory17" */;
			compatibilityVersion = "Xcode 3.2";
			developmentRegion = English;
			hasScannedForEncodings = 0;
			knownRegions = (
				en,
				Base,
			);
			mainGroup = ADAB69A31E2BE4B10094E43A;
			productRefGroup = ADAB69AD1E2BE4B10094E43A /* Products */;
			projectDirPath = "";
			projectRoot = "";
			targets = (
				ADAB69AB1E2BE4B10094E43A /* Inventory17 */,
			);
		};
/* End PBXProject section */

/* Begin PBXResourcesBuildPhase section */
		ADAB69AA1E2BE4B10094E43A /* Resources */ = {
			isa = PBXResourcesBuildPhase;
			buildActionMask = 2147483647;
			files = (
				ADAB69BA1E2BE4B10094E43A /* LaunchScreen.storyboard in Resources */,
				ADAB69B71E2BE4B10094E43A /* Assets.xcassets in Resources */,
				AD03C7B21E94195800692206 /* GoogleService-Info.plist in Resources */,
				ADA297311E5C84280039485A /* Categories.storyboard in Resources */,
				AD2946DB1E52575000E113F7 /* Locations.storyboard in Resources */,
				AD03C7471E94192000692206 /* Main.storyboard in Resources */,
				AD3FA9FB1E5E169900C1E18D /* Color.storyboard in Resources */,
				AD03C7B31E94195800692206 /* Info.plist in Resources */,
				AD778F0E1E97FD3C0033B1DE /* Info.plist in Resources */,
				AD4398271E4A81B100DB0777 /* Status.storyboard in Resources */,
			);
			runOnlyForDeploymentPostprocessing = 0;
		};
/* End PBXResourcesBuildPhase section */

/* Begin PBXShellScriptBuildPhase section */
		188A134F9948866C62AB44BD /* [CP] Check Pods Manifest.lock */ = {
			isa = PBXShellScriptBuildPhase;
			buildActionMask = 2147483647;
			files = (
			);
			inputPaths = (
			);
			name = "[CP] Check Pods Manifest.lock";
			outputPaths = (
			);
			runOnlyForDeploymentPostprocessing = 0;
			shellPath = /bin/sh;
			shellScript = "diff \"${PODS_ROOT}/../Podfile.lock\" \"${PODS_ROOT}/Manifest.lock\" > /dev/null\nif [ $? != 0 ] ; then\n    # print error to STDERR\n    echo \"error: The sandbox is not in sync with the Podfile.lock. Run 'pod install' or update your CocoaPods installation.\" >&2\n    exit 1\nfi\n";
			showEnvVarsInLog = 0;
		};
		3357863CDD5D152155ADD544 /* [CP] Embed Pods Frameworks */ = {
			isa = PBXShellScriptBuildPhase;
			buildActionMask = 2147483647;
			files = (
			);
			inputPaths = (
			);
			name = "[CP] Embed Pods Frameworks";
			outputPaths = (
			);
			runOnlyForDeploymentPostprocessing = 0;
			shellPath = /bin/sh;
			shellScript = "\"${SRCROOT}/Pods/Target Support Files/Pods-Inventory17/Pods-Inventory17-frameworks.sh\"\n";
			showEnvVarsInLog = 0;
		};
		AA7A36FE95FE3567386F7C2C /* [CP] Copy Pods Resources */ = {
			isa = PBXShellScriptBuildPhase;
			buildActionMask = 2147483647;
			files = (
			);
			inputPaths = (
			);
			name = "[CP] Copy Pods Resources";
			outputPaths = (
			);
			runOnlyForDeploymentPostprocessing = 0;
			shellPath = /bin/sh;
			shellScript = "\"${SRCROOT}/Pods/Target Support Files/Pods-Inventory17/Pods-Inventory17-resources.sh\"\n";
			showEnvVarsInLog = 0;
		};
/* End PBXShellScriptBuildPhase section */

/* Begin PBXSourcesBuildPhase section */
		ADAB69A81E2BE4B10094E43A /* Sources */ = {
			isa = PBXSourcesBuildPhase;
			buildActionMask = 2147483647;
			files = (
				AD03C7A81E94195800692206 /* CategoriesCell.swift in Sources */,
				AD03C7A41E94195800692206 /* WalkThroughContent.swift in Sources */,
				AD03C7911E94195800692206 /* AddItemsToBoxVC.swift in Sources */,
				AD03C7991E94195800692206 /* LocationPickerVC.swift in Sources */,
				AD778F0F1E97FD3C0033B1DE /* SCLAlertView.swift in Sources */,
				AD03C7441E9418F000692206 /* Status.swift in Sources */,
				AD03C78C1E94195800692206 /* ItemRoundButton.swift in Sources */,
				AD03C78E1E94195800692206 /* SmallText.swift in Sources */,
				AD03C79E1E94195800692206 /* LoginViewController.swift in Sources */,
				AD03C7B51E941AB600692206 /* DataService.swift in Sources */,
				AD03C7421E9418F000692206 /* Item.swift in Sources */,
				AD03C7961E94195800692206 /* CategoryPicker.swift in Sources */,
				AD03C78D1E94195800692206 /* SevenSwitch.swift in Sources */,
				AD03C7AC1E94195800692206 /* itemSelectCell.swift in Sources */,
				AD03C7B01E94195800692206 /* AppDelegate.swift in Sources */,
				AD03C7AA1E94195800692206 /* ColorCell.swift in Sources */,
				AD03C78B1E94195800692206 /* EZLoadingActivity.swift in Sources */,
				AD03C7941E94195800692206 /* CategoriesVC.swift in Sources */,
				AD03C79F1E94195800692206 /* ResetPasswordVC.swift in Sources */,
				AD03C7921E94195800692206 /* BoxDetails.swift in Sources */,
				AD03C7B91E941CA100692206 /* itemFeedViewModel.swift in Sources */,
				AD03C7AF1E94195800692206 /* StatusCell.swift in Sources */,
				AD03C7A21E94195800692206 /* qrScannerVC.swift in Sources */,
				AD03C7AD1E94195800692206 /* LocationPickerCell.swift in Sources */,
				AD778F121E97FD830033B1DE /* PlayingAroundViewController.swift in Sources */,
				AD03C79B1E94195800692206 /* BoxStatusTableVC.swift in Sources */,
				AD03C78F1E94195800692206 /* Styled_Picker.swift in Sources */,
				AD03C7B11E94195800692206 /* Constants.swift in Sources */,
				AD03C79A1E94195800692206 /* LocationsVC.swift in Sources */,
				AD03C7A31E94195800692206 /* SettingsVC.swift in Sources */,
				AD03C7A01E94195800692206 /* SignUpViewController.swift in Sources */,
				AD778F101E97FD3C0033B1DE /* SCLExtensions.swift in Sources */,
				AD03C73F1E9418F000692206 /* Box.swift in Sources */,
				AD03C7951E94195800692206 /* CategoryDetailsVC.swift in Sources */,
				ADAB69F21E33EC450094E43A /* WISHLIST.swift in Sources */,
				AD03C7901E94195800692206 /* Styled_View.swift in Sources */,
				AD03C7411E9418F000692206 /* Color.swift in Sources */,
				AD03C7931E94195800692206 /* BoxItemsVC.swift in Sources */,
				AD03C7AE1E94195800692206 /* LocationsCell.swift in Sources */,
				AD03C7A11E94195800692206 /* QrCollectionVC.swift in Sources */,
				AD03C7981E94195800692206 /* LocationDetailsVC.swift in Sources */,
				AD03C79C1E94195800692206 /* ItemDetailsVC.swift in Sources */,
				AD03C7971E94195800692206 /* ColorTableVC.swift in Sources */,
				AD03C7AB1E94195800692206 /* ItemCell.swift in Sources */,
				AD03C7A71E94195800692206 /* BoxItemCell.swift in Sources */,
				AD03C7A61E94195800692206 /* BoxCell.swift in Sources */,
				AD03C7B71E941B4D00692206 /* BoxFeedVC.swift in Sources */,
				AD03C7401E9418F000692206 /* Category.swift in Sources */,
				AD03C7451E9418F000692206 /* User.swift in Sources */,
				AD03C78A1E94195800692206 /* BoxNumberLabel.swift in Sources */,
				AD03C7431E9418F000692206 /* Location.swift in Sources */,
				AD03C79D1E94195800692206 /* itemFeedVC.swift in Sources */,
				AD03C7A51E94195800692206 /* WalkThroughPageController.swift in Sources */,
				AD778ED41E9702B90033B1DE /* itemDetailViewModel.swift in Sources */,
				AD03C7A91E94195800692206 /* CategoryPickerCell.swift in Sources */,
			);
			runOnlyForDeploymentPostprocessing = 0;
		};
/* End PBXSourcesBuildPhase section */

/* Begin PBXVariantGroup section */
		ADAB69B81E2BE4B10094E43A /* LaunchScreen.storyboard */ = {
			isa = PBXVariantGroup;
			children = (
				ADAB69B91E2BE4B10094E43A /* Base */,
			);
			name = LaunchScreen.storyboard;
			sourceTree = "<group>";
		};
/* End PBXVariantGroup section */

/* Begin XCBuildConfiguration section */
		ADAB69BC1E2BE4B10094E43A /* Debug */ = {
			isa = XCBuildConfiguration;
			buildSettings = {
				ALWAYS_SEARCH_USER_PATHS = NO;
				CLANG_ANALYZER_NONNULL = YES;
				CLANG_CXX_LANGUAGE_STANDARD = "gnu++0x";
				CLANG_CXX_LIBRARY = "libc++";
				CLANG_ENABLE_MODULES = YES;
				CLANG_ENABLE_OBJC_ARC = YES;
				CLANG_WARN_BOOL_CONVERSION = YES;
				CLANG_WARN_CONSTANT_CONVERSION = YES;
				CLANG_WARN_DIRECT_OBJC_ISA_USAGE = YES_ERROR;
				CLANG_WARN_DOCUMENTATION_COMMENTS = YES;
				CLANG_WARN_EMPTY_BODY = YES;
				CLANG_WARN_ENUM_CONVERSION = YES;
				CLANG_WARN_INFINITE_RECURSION = YES;
				CLANG_WARN_INT_CONVERSION = YES;
				CLANG_WARN_OBJC_ROOT_CLASS = YES_ERROR;
				CLANG_WARN_SUSPICIOUS_MOVE = YES;
				CLANG_WARN_UNREACHABLE_CODE = YES;
				CLANG_WARN__DUPLICATE_METHOD_MATCH = YES;
				"CODE_SIGN_IDENTITY[sdk=iphoneos*]" = "iPhone Developer";
				COPY_PHASE_STRIP = NO;
				DEBUG_INFORMATION_FORMAT = dwarf;
				ENABLE_STRICT_OBJC_MSGSEND = YES;
				ENABLE_TESTABILITY = YES;
				GCC_C_LANGUAGE_STANDARD = gnu99;
				GCC_DYNAMIC_NO_PIC = NO;
				GCC_NO_COMMON_BLOCKS = YES;
				GCC_OPTIMIZATION_LEVEL = 0;
				GCC_PREPROCESSOR_DEFINITIONS = (
					"DEBUG=1",
					"$(inherited)",
				);
				GCC_WARN_64_TO_32_BIT_CONVERSION = YES;
				GCC_WARN_ABOUT_RETURN_TYPE = YES_ERROR;
				GCC_WARN_UNDECLARED_SELECTOR = YES;
				GCC_WARN_UNINITIALIZED_AUTOS = YES_AGGRESSIVE;
				GCC_WARN_UNUSED_FUNCTION = YES;
				GCC_WARN_UNUSED_VARIABLE = YES;
				IPHONEOS_DEPLOYMENT_TARGET = 10.2;
				MTL_ENABLE_DEBUG_INFO = YES;
				ONLY_ACTIVE_ARCH = YES;
				SDKROOT = iphoneos;
				SWIFT_ACTIVE_COMPILATION_CONDITIONS = DEBUG;
				SWIFT_OPTIMIZATION_LEVEL = "-Onone";
				TARGETED_DEVICE_FAMILY = "1,2";
			};
			name = Debug;
		};
		ADAB69BD1E2BE4B10094E43A /* Release */ = {
			isa = XCBuildConfiguration;
			buildSettings = {
				ALWAYS_SEARCH_USER_PATHS = NO;
				CLANG_ANALYZER_NONNULL = YES;
				CLANG_CXX_LANGUAGE_STANDARD = "gnu++0x";
				CLANG_CXX_LIBRARY = "libc++";
				CLANG_ENABLE_MODULES = YES;
				CLANG_ENABLE_OBJC_ARC = YES;
				CLANG_WARN_BOOL_CONVERSION = YES;
				CLANG_WARN_CONSTANT_CONVERSION = YES;
				CLANG_WARN_DIRECT_OBJC_ISA_USAGE = YES_ERROR;
				CLANG_WARN_DOCUMENTATION_COMMENTS = YES;
				CLANG_WARN_EMPTY_BODY = YES;
				CLANG_WARN_ENUM_CONVERSION = YES;
				CLANG_WARN_INFINITE_RECURSION = YES;
				CLANG_WARN_INT_CONVERSION = YES;
				CLANG_WARN_OBJC_ROOT_CLASS = YES_ERROR;
				CLANG_WARN_SUSPICIOUS_MOVE = YES;
				CLANG_WARN_UNREACHABLE_CODE = YES;
				CLANG_WARN__DUPLICATE_METHOD_MATCH = YES;
				"CODE_SIGN_IDENTITY[sdk=iphoneos*]" = "iPhone Developer";
				COPY_PHASE_STRIP = NO;
				DEBUG_INFORMATION_FORMAT = "dwarf-with-dsym";
				ENABLE_NS_ASSERTIONS = NO;
				ENABLE_STRICT_OBJC_MSGSEND = YES;
				GCC_C_LANGUAGE_STANDARD = gnu99;
				GCC_NO_COMMON_BLOCKS = YES;
				GCC_WARN_64_TO_32_BIT_CONVERSION = YES;
				GCC_WARN_ABOUT_RETURN_TYPE = YES_ERROR;
				GCC_WARN_UNDECLARED_SELECTOR = YES;
				GCC_WARN_UNINITIALIZED_AUTOS = YES_AGGRESSIVE;
				GCC_WARN_UNUSED_FUNCTION = YES;
				GCC_WARN_UNUSED_VARIABLE = YES;
				IPHONEOS_DEPLOYMENT_TARGET = 10.2;
				MTL_ENABLE_DEBUG_INFO = NO;
				SDKROOT = iphoneos;
				SWIFT_OPTIMIZATION_LEVEL = "-Owholemodule";
				TARGETED_DEVICE_FAMILY = "1,2";
				VALIDATE_PRODUCT = YES;
			};
			name = Release;
		};
		ADAB69BF1E2BE4B10094E43A /* Debug */ = {
			isa = XCBuildConfiguration;
			baseConfigurationReference = 6D1F73EC6D847CCB6C0D5D63 /* Pods-Inventory17.debug.xcconfig */;
			buildSettings = {
				ASSETCATALOG_COMPILER_APPICON_NAME = AppIcon;
				"CODE_SIGN_IDENTITY[sdk=iphoneos*]" = "iPhone Developer";
				DEVELOPMENT_TEAM = 2F3H857UKN;
				INFOPLIST_FILE = Inventory17/Info.plist;
				IPHONEOS_DEPLOYMENT_TARGET = 10.0;
				LD_RUNPATH_SEARCH_PATHS = "$(inherited) @executable_path/Frameworks";
				PRODUCT_BUNDLE_IDENTIFIER = com.microideas.inventory;
				PRODUCT_NAME = "$(TARGET_NAME)";
				SWIFT_VERSION = 3.0;
			};
			name = Debug;
		};
		ADAB69C01E2BE4B10094E43A /* Release */ = {
			isa = XCBuildConfiguration;
			baseConfigurationReference = 5654B29C96D17E1C4D761058 /* Pods-Inventory17.release.xcconfig */;
			buildSettings = {
				ASSETCATALOG_COMPILER_APPICON_NAME = AppIcon;
				"CODE_SIGN_IDENTITY[sdk=iphoneos*]" = "iPhone Developer";
				DEVELOPMENT_TEAM = 2F3H857UKN;
				INFOPLIST_FILE = Inventory17/Info.plist;
				IPHONEOS_DEPLOYMENT_TARGET = 10.0;
				LD_RUNPATH_SEARCH_PATHS = "$(inherited) @executable_path/Frameworks";
				PRODUCT_BUNDLE_IDENTIFIER = com.microideas.inventory;
				PRODUCT_NAME = "$(TARGET_NAME)";
				SWIFT_VERSION = 3.0;
			};
			name = Release;
		};
/* End XCBuildConfiguration section */

/* Begin XCConfigurationList section */
		ADAB69A71E2BE4B10094E43A /* Build configuration list for PBXProject "Inventory17" */ = {
			isa = XCConfigurationList;
			buildConfigurations = (
				ADAB69BC1E2BE4B10094E43A /* Debug */,
				ADAB69BD1E2BE4B10094E43A /* Release */,
			);
			defaultConfigurationIsVisible = 0;
			defaultConfigurationName = Release;
		};
		ADAB69BE1E2BE4B10094E43A /* Build configuration list for PBXNativeTarget "Inventory17" */ = {
			isa = XCConfigurationList;
			buildConfigurations = (
				ADAB69BF1E2BE4B10094E43A /* Debug */,
				ADAB69C01E2BE4B10094E43A /* Release */,
			);
			defaultConfigurationIsVisible = 0;
			defaultConfigurationName = Release;
		};
/* End XCConfigurationList section */
	};
	rootObject = ADAB69A41E2BE4B10094E43A /* Project object */;
}
